// !$*UTF8*$!
{
	archiveVersion = 1;
	classes = {
	};
	objectVersion = 56;
	objects = {

/* Begin PBXBuildFile section */
		AF05EE1FF27250517D45F7FF /* Pods_Food_Menu.framework in Frameworks */ = {isa = PBXBuildFile; fileRef = E276D435CE8D6CE98E37C00B /* Pods_Food_Menu.framework */; };
		F4043D672DCC38C7005FCE9B /* GoogleService-Info.plist in Resources */ = {isa = PBXBuildFile; fileRef = F4043D662DCC38C7005FCE9B /* GoogleService-Info.plist */; };
		F4043D6A2DCC5108005FCE9B /* scrollhomeCell.swift in Sources */ = {isa = PBXBuildFile; fileRef = F4043D692DCC5108005FCE9B /* scrollhomeCell.swift */; };
		F40E27312DCC58FA0058748F /* MenuDetails.swift in Sources */ = {isa = PBXBuildFile; fileRef = F40E27302DCC58FA0058748F /* MenuDetails.swift */; };
		F40E27332DCC5A3D0058748F /* MenuBrain.swift in Sources */ = {isa = PBXBuildFile; fileRef = F40E27322DCC5A3D0058748F /* MenuBrain.swift */; };
		F4BA57242DCFE62B00A63CEF /* HomeTableViewCell.swift in Sources */ = {isa = PBXBuildFile; fileRef = F4BA57232DCFE62B00A63CEF /* HomeTableViewCell.swift */; };
		F4E11AAF2CC4541800FE6F2F /* AppDelegate.swift in Sources */ = {isa = PBXBuildFile; fileRef = F4E11AAE2CC4541800FE6F2F /* AppDelegate.swift */; };
		F4E11AB12CC4541800FE6F2F /* SceneDelegate.swift in Sources */ = {isa = PBXBuildFile; fileRef = F4E11AB02CC4541800FE6F2F /* SceneDelegate.swift */; };
		F4E11AB32CC4541800FE6F2F /* Home.swift in Sources */ = {isa = PBXBuildFile; fileRef = F4E11AB22CC4541800FE6F2F /* Home.swift */; };
		F4E11AB62CC4541800FE6F2F /* Main.storyboard in Resources */ = {isa = PBXBuildFile; fileRef = F4E11AB42CC4541800FE6F2F /* Main.storyboard */; };
		F4E11AB82CC4541B00FE6F2F /* Assets.xcassets in Resources */ = {isa = PBXBuildFile; fileRef = F4E11AB72CC4541B00FE6F2F /* Assets.xcassets */; };
		F4E11ABB2CC4541B00FE6F2F /* LaunchScreen.storyboard in Resources */ = {isa = PBXBuildFile; fileRef = F4E11AB92CC4541B00FE6F2F /* LaunchScreen.storyboard */; };
		F4E11AC62CC455FA00FE6F2F /* SignInVC.swift in Sources */ = {isa = PBXBuildFile; fileRef = F4E11AC52CC455FA00FE6F2F /* SignInVC.swift */; };
		F4E11AC82CC4560C00FE6F2F /* RegisterVC.swift in Sources */ = {isa = PBXBuildFile; fileRef = F4E11AC72CC4560C00FE6F2F /* RegisterVC.swift */; };
		F4E11ACD2CC46D2C00FE6F2F /* DescriptionNumberone.swift in Sources */ = {isa = PBXBuildFile; fileRef = F4E11ACC2CC46D2B00FE6F2F /* DescriptionNumberone.swift */; };
		F4E11ACF2CC46D3800FE6F2F /* DescriptionNumbertwo.swift in Sources */ = {isa = PBXBuildFile; fileRef = F4E11ACE2CC46D3800FE6F2F /* DescriptionNumbertwo.swift */; };
		F4E11AD12CC46D4300FE6F2F /* DescriptionNumberthree.swift in Sources */ = {isa = PBXBuildFile; fileRef = F4E11AD02CC46D4300FE6F2F /* DescriptionNumberthree.swift */; };
		F4E11AD32CC4824300FE6F2F /* ForgetPassword.swift in Sources */ = {isa = PBXBuildFile; fileRef = F4E11AD22CC4824300FE6F2F /* ForgetPassword.swift */; };
		F4FE17642DD00CE100E60697 /* DescriptionVC.swift in Sources */ = {isa = PBXBuildFile; fileRef = F4FE17632DD00CE100E60697 /* DescriptionVC.swift */; };
/* End PBXBuildFile section */

/* Begin PBXFileReference section */
		50DB56CB304687F123F0F1A8 /* Pods-Food Menu.release.xcconfig */ = {isa = PBXFileReference; includeInIndex = 1; lastKnownFileType = text.xcconfig; name = "Pods-Food Menu.release.xcconfig"; path = "Target Support Files/Pods-Food Menu/Pods-Food Menu.release.xcconfig"; sourceTree = "<group>"; };
		59E8701544E6E50C157B0E12 /* Pods-Food Menu.debug.xcconfig */ = {isa = PBXFileReference; includeInIndex = 1; lastKnownFileType = text.xcconfig; name = "Pods-Food Menu.debug.xcconfig"; path = "Target Support Files/Pods-Food Menu/Pods-Food Menu.debug.xcconfig"; sourceTree = "<group>"; };
		E276D435CE8D6CE98E37C00B /* Pods_Food_Menu.framework */ = {isa = PBXFileReference; explicitFileType = wrapper.framework; includeInIndex = 0; path = Pods_Food_Menu.framework; sourceTree = BUILT_PRODUCTS_DIR; };
		F4043D662DCC38C7005FCE9B /* GoogleService-Info.plist */ = {isa = PBXFileReference; fileEncoding = 4; lastKnownFileType = text.plist.xml; path = "GoogleService-Info.plist"; sourceTree = "<group>"; };
		F4043D692DCC5108005FCE9B /* scrollhomeCell.swift */ = {isa = PBXFileReference; lastKnownFileType = sourcecode.swift; path = scrollhomeCell.swift; sourceTree = "<group>"; };
		F40E27302DCC58FA0058748F /* MenuDetails.swift */ = {isa = PBXFileReference; lastKnownFileType = sourcecode.swift; path = MenuDetails.swift; sourceTree = "<group>"; };
		F40E27322DCC5A3D0058748F /* MenuBrain.swift */ = {isa = PBXFileReference; lastKnownFileType = sourcecode.swift; path = MenuBrain.swift; sourceTree = "<group>"; };
		F4BA57232DCFE62B00A63CEF /* HomeTableViewCell.swift */ = {isa = PBXFileReference; lastKnownFileType = sourcecode.swift; path = HomeTableViewCell.swift; sourceTree = "<group>"; };
		F4E11AAB2CC4541800FE6F2F /* Food Menu.app */ = {isa = PBXFileReference; explicitFileType = wrapper.application; includeInIndex = 0; path = "Food Menu.app"; sourceTree = BUILT_PRODUCTS_DIR; };
		F4E11AAE2CC4541800FE6F2F /* AppDelegate.swift */ = {isa = PBXFileReference; lastKnownFileType = sourcecode.swift; path = AppDelegate.swift; sourceTree = "<group>"; };
		F4E11AB02CC4541800FE6F2F /* SceneDelegate.swift */ = {isa = PBXFileReference; lastKnownFileType = sourcecode.swift; path = SceneDelegate.swift; sourceTree = "<group>"; };
		F4E11AB22CC4541800FE6F2F /* Home.swift */ = {isa = PBXFileReference; lastKnownFileType = sourcecode.swift; name = Home.swift; path = "Cell controller/Home.swift"; sourceTree = "<group>"; };
		F4E11AB52CC4541800FE6F2F /* Base */ = {isa = PBXFileReference; lastKnownFileType = file.storyboard; name = Base; path = Base.lproj/Main.storyboard; sourceTree = "<group>"; };
		F4E11AB72CC4541B00FE6F2F /* Assets.xcassets */ = {isa = PBXFileReference; lastKnownFileType = folder.assetcatalog; path = Assets.xcassets; sourceTree = "<group>"; };
		F4E11ABA2CC4541B00FE6F2F /* Base */ = {isa = PBXFileReference; lastKnownFileType = file.storyboard; name = Base; path = Base.lproj/LaunchScreen.storyboard; sourceTree = "<group>"; };
		F4E11ABC2CC4541B00FE6F2F /* Info.plist */ = {isa = PBXFileReference; lastKnownFileType = text.plist.xml; path = Info.plist; sourceTree = "<group>"; };
		F4E11AC52CC455FA00FE6F2F /* SignInVC.swift */ = {isa = PBXFileReference; lastKnownFileType = sourcecode.swift; path = SignInVC.swift; sourceTree = "<group>"; };
		F4E11AC72CC4560C00FE6F2F /* RegisterVC.swift */ = {isa = PBXFileReference; lastKnownFileType = sourcecode.swift; path = RegisterVC.swift; sourceTree = "<group>"; };
		F4E11ACC2CC46D2B00FE6F2F /* DescriptionNumberone.swift */ = {isa = PBXFileReference; lastKnownFileType = sourcecode.swift; path = DescriptionNumberone.swift; sourceTree = "<group>"; };
		F4E11ACE2CC46D3800FE6F2F /* DescriptionNumbertwo.swift */ = {isa = PBXFileReference; lastKnownFileType = sourcecode.swift; path = DescriptionNumbertwo.swift; sourceTree = "<group>"; };
		F4E11AD02CC46D4300FE6F2F /* DescriptionNumberthree.swift */ = {isa = PBXFileReference; lastKnownFileType = sourcecode.swift; path = DescriptionNumberthree.swift; sourceTree = "<group>"; };
		F4E11AD22CC4824300FE6F2F /* ForgetPassword.swift */ = {isa = PBXFileReference; lastKnownFileType = sourcecode.swift; path = ForgetPassword.swift; sourceTree = "<group>"; };
		F4FE17632DD00CE100E60697 /* DescriptionVC.swift */ = {isa = PBXFileReference; lastKnownFileType = sourcecode.swift; path = DescriptionVC.swift; sourceTree = "<group>"; };
/* End PBXFileReference section */

/* Begin PBXFrameworksBuildPhase section */
		F4E11AA82CC4541800FE6F2F /* Frameworks */ = {
			isa = PBXFrameworksBuildPhase;
			buildActionMask = 2147483647;
			files = (
				AF05EE1FF27250517D45F7FF /* Pods_Food_Menu.framework in Frameworks */,
			);
			runOnlyForDeploymentPostprocessing = 0;
		};
/* End PBXFrameworksBuildPhase section */

/* Begin PBXGroup section */
		47DA8A7A36078551DA9AA219 /* Frameworks */ = {
			isa = PBXGroup;
			children = (
				E276D435CE8D6CE98E37C00B /* Pods_Food_Menu.framework */,
			);
			name = Frameworks;
			sourceTree = "<group>";
		};
		86268973DE71187878B223E4 /* Pods */ = {
			isa = PBXGroup;
			children = (
				59E8701544E6E50C157B0E12 /* Pods-Food Menu.debug.xcconfig */,
				50DB56CB304687F123F0F1A8 /* Pods-Food Menu.release.xcconfig */,
			);
			path = Pods;
			sourceTree = "<group>";
		};
		F4043D682DCC50AD005FCE9B /* Cell controller */ = {
			isa = PBXGroup;
			children = (
				F4043D692DCC5108005FCE9B /* scrollhomeCell.swift */,
				F4BA57232DCFE62B00A63CEF /* HomeTableViewCell.swift */,
			);
			path = "Cell controller";
			sourceTree = "<group>";
		};
		F4E11AA22CC4541800FE6F2F = {
			isa = PBXGroup;
			children = (
				F4E11AAD2CC4541800FE6F2F /* Food Menu */,
				F4E11AAC2CC4541800FE6F2F /* Products */,
				86268973DE71187878B223E4 /* Pods */,
				47DA8A7A36078551DA9AA219 /* Frameworks */,
			);
			sourceTree = "<group>";
		};
		F4E11AAC2CC4541800FE6F2F /* Products */ = {
			isa = PBXGroup;
			children = (
				F4E11AAB2CC4541800FE6F2F /* Food Menu.app */,
			);
			name = Products;
			sourceTree = "<group>";
		};
		F4E11AAD2CC4541800FE6F2F /* Food Menu */ = {
			isa = PBXGroup;
			children = (
				F4E11AAE2CC4541800FE6F2F /* AppDelegate.swift */,
				F4E11AB02CC4541800FE6F2F /* SceneDelegate.swift */,
				F4E11ACB2CC46CD800FE6F2F /* Descriptions */,
				F4E11AC42CC455C300FE6F2F /* Models */,
				F4E11AC32CC455B700FE6F2F /* View */,
				F4E11AC22CC455A500FE6F2F /* Controllers */,
				F4E11AB72CC4541B00FE6F2F /* Assets.xcassets */,
				F4E11AB92CC4541B00FE6F2F /* LaunchScreen.storyboard */,
				F4E11ABC2CC4541B00FE6F2F /* Info.plist */,
				F4043D662DCC38C7005FCE9B /* GoogleService-Info.plist */,
			);
			path = "Food Menu";
			sourceTree = "<group>";
		};
		F4E11AC22CC455A500FE6F2F /* Controllers */ = {
			isa = PBXGroup;
			children = (
				F4E11AB22CC4541800FE6F2F /* Home.swift */,
				F4FE17632DD00CE100E60697 /* DescriptionVC.swift */,
				F4043D682DCC50AD005FCE9B /* Cell controller */,
				F4E11AC52CC455FA00FE6F2F /* SignInVC.swift */,
				F4E11AC72CC4560C00FE6F2F /* RegisterVC.swift */,
			);
			path = Controllers;
			sourceTree = "<group>";
		};
		F4E11AC32CC455B700FE6F2F /* View */ = {
			isa = PBXGroup;
			children = (
				F4E11AB42CC4541800FE6F2F /* Main.storyboard */,
			);
			path = View;
			sourceTree = "<group>";
		};
		F4E11AC42CC455C300FE6F2F /* Models */ = {
			isa = PBXGroup;
			children = (
				F40E27302DCC58FA0058748F /* MenuDetails.swift */,
				F40E27322DCC5A3D0058748F /* MenuBrain.swift */,
			);
			path = Models;
			sourceTree = "<group>";
		};
		F4E11ACB2CC46CD800FE6F2F /* Descriptions */ = {
			isa = PBXGroup;
			children = (
				F4E11ACC2CC46D2B00FE6F2F /* DescriptionNumberone.swift */,
				F4E11ACE2CC46D3800FE6F2F /* DescriptionNumbertwo.swift */,
				F4E11AD02CC46D4300FE6F2F /* DescriptionNumberthree.swift */,
				F4E11AD22CC4824300FE6F2F /* ForgetPassword.swift */,
			);
			path = Descriptions;
			sourceTree = "<group>";
		};
/* End PBXGroup section */

/* Begin PBXNativeTarget section */
		F4E11AAA2CC4541800FE6F2F /* Food Menu */ = {
			isa = PBXNativeTarget;
			buildConfigurationList = F4E11ABF2CC4541B00FE6F2F /* Build configuration list for PBXNativeTarget "Food Menu" */;
			buildPhases = (
				F76315411795B99B142B6BC7 /* [CP] Check Pods Manifest.lock */,
				F4E11AA72CC4541800FE6F2F /* Sources */,
				F4E11AA82CC4541800FE6F2F /* Frameworks */,
				F4E11AA92CC4541800FE6F2F /* Resources */,
				C8614CF7E9F578DA55B66B7B /* [CP] Embed Pods Frameworks */,
			);
			buildRules = (
			);
			dependencies = (
			);
			name = "Food Menu";
			productName = "Food Menu";
			productReference = F4E11AAB2CC4541800FE6F2F /* Food Menu.app */;
			productType = "com.apple.product-type.application";
		};
/* End PBXNativeTarget section */

/* Begin PBXProject section */
		F4E11AA32CC4541800FE6F2F /* Project object */ = {
			isa = PBXProject;
			attributes = {
				BuildIndependentTargetsInParallel = 1;
				LastSwiftUpdateCheck = 1420;
				LastUpgradeCheck = 1420;
				TargetAttributes = {
					F4E11AAA2CC4541800FE6F2F = {
						CreatedOnToolsVersion = 14.2;
					};
				};
			};
			buildConfigurationList = F4E11AA62CC4541800FE6F2F /* Build configuration list for PBXProject "Food Menu" */;
			compatibilityVersion = "Xcode 14.0";
			developmentRegion = en;
			hasScannedForEncodings = 0;
			knownRegions = (
				en,
				Base,
			);
			mainGroup = F4E11AA22CC4541800FE6F2F;
			productRefGroup = F4E11AAC2CC4541800FE6F2F /* Products */;
			projectDirPath = "";
			projectRoot = "";
			targets = (
				F4E11AAA2CC4541800FE6F2F /* Food Menu */,
			);
		};
/* End PBXProject section */

/* Begin PBXResourcesBuildPhase section */
		F4E11AA92CC4541800FE6F2F /* Resources */ = {
			isa = PBXResourcesBuildPhase;
			buildActionMask = 2147483647;
			files = (
				F4E11ABB2CC4541B00FE6F2F /* LaunchScreen.storyboard in Resources */,
				F4043D672DCC38C7005FCE9B /* GoogleService-Info.plist in Resources */,
				F4E11AB82CC4541B00FE6F2F /* Assets.xcassets in Resources */,
				F4E11AB62CC4541800FE6F2F /* Main.storyboard in Resources */,
			);
			runOnlyForDeploymentPostprocessing = 0;
		};
/* End PBXResourcesBuildPhase section */

/* Begin PBXShellScriptBuildPhase section */
		C8614CF7E9F578DA55B66B7B /* [CP] Embed Pods Frameworks */ = {
			isa = PBXShellScriptBuildPhase;
			buildActionMask = 2147483647;
			files = (
			);
			inputFileListPaths = (
				"${PODS_ROOT}/Target Support Files/Pods-Food Menu/Pods-Food Menu-frameworks-${CONFIGURATION}-input-files.xcfilelist",
			);
			name = "[CP] Embed Pods Frameworks";
			outputFileListPaths = (
				"${PODS_ROOT}/Target Support Files/Pods-Food Menu/Pods-Food Menu-frameworks-${CONFIGURATION}-output-files.xcfilelist",
			);
			runOnlyForDeploymentPostprocessing = 0;
			shellPath = /bin/sh;
			shellScript = "\"${PODS_ROOT}/Target Support Files/Pods-Food Menu/Pods-Food Menu-frameworks.sh\"\n";
			showEnvVarsInLog = 0;
		};
		F76315411795B99B142B6BC7 /* [CP] Check Pods Manifest.lock */ = {
			isa = PBXShellScriptBuildPhase;
			buildActionMask = 2147483647;
			files = (
			);
			inputFileListPaths = (
			);
			inputPaths = (
				"${PODS_PODFILE_DIR_PATH}/Podfile.lock",
				"${PODS_ROOT}/Manifest.lock",
			);
			name = "[CP] Check Pods Manifest.lock";
			outputFileListPaths = (
			);
			outputPaths = (
				"$(DERIVED_FILE_DIR)/Pods-Food Menu-checkManifestLockResult.txt",
			);
			runOnlyForDeploymentPostprocessing = 0;
			shellPath = /bin/sh;
			shellScript = "diff \"${PODS_PODFILE_DIR_PATH}/Podfile.lock\" \"${PODS_ROOT}/Manifest.lock\" > /dev/null\nif [ $? != 0 ] ; then\n    # print error to STDERR\n    echo \"error: The sandbox is not in sync with the Podfile.lock. Run 'pod install' or update your CocoaPods installation.\" >&2\n    exit 1\nfi\n# This output is used by Xcode 'outputs' to avoid re-running this script phase.\necho \"SUCCESS\" > \"${SCRIPT_OUTPUT_FILE_0}\"\n";
			showEnvVarsInLog = 0;
		};
/* End PBXShellScriptBuildPhase section */

/* Begin PBXSourcesBuildPhase section */
		F4E11AA72CC4541800FE6F2F /* Sources */ = {
			isa = PBXSourcesBuildPhase;
			buildActionMask = 2147483647;
			files = (
				F4E11ACF2CC46D3800FE6F2F /* DescriptionNumbertwo.swift in Sources */,
				F4FE17642DD00CE100E60697 /* DescriptionVC.swift in Sources */,
				F4E11ACD2CC46D2C00FE6F2F /* DescriptionNumberone.swift in Sources */,
				F4BA57242DCFE62B00A63CEF /* HomeTableViewCell.swift in Sources */,
				F4E11AB32CC4541800FE6F2F /* Home.swift in Sources */,
				F4E11AAF2CC4541800FE6F2F /* AppDelegate.swift in Sources */,
				F40E27312DCC58FA0058748F /* MenuDetails.swift in Sources */,
				F4E11AD12CC46D4300FE6F2F /* DescriptionNumberthree.swift in Sources */,
				F4E11AD32CC4824300FE6F2F /* ForgetPassword.swift in Sources */,
				F40E27332DCC5A3D0058748F /* MenuBrain.swift in Sources */,
				F4E11AC62CC455FA00FE6F2F /* SignInVC.swift in Sources */,
				F4E11AB12CC4541800FE6F2F /* SceneDelegate.swift in Sources */,
				F4E11AC82CC4560C00FE6F2F /* RegisterVC.swift in Sources */,
				F4043D6A2DCC5108005FCE9B /* scrollhomeCell.swift in Sources */,
			);
			runOnlyForDeploymentPostprocessing = 0;
		};
/* End PBXSourcesBuildPhase section */

/* Begin PBXVariantGroup section */
		F4E11AB42CC4541800FE6F2F /* Main.storyboard */ = {
			isa = PBXVariantGroup;
			children = (
				F4E11AB52CC4541800FE6F2F /* Base */,
			);
			name = Main.storyboard;
			sourceTree = "<group>";
		};
		F4E11AB92CC4541B00FE6F2F /* LaunchScreen.storyboard */ = {
			isa = PBXVariantGroup;
			children = (
				F4E11ABA2CC4541B00FE6F2F /* Base */,
			);
			name = LaunchScreen.storyboard;
			sourceTree = "<group>";
		};
/* End PBXVariantGroup section */

/* Begin XCBuildConfiguration section */
		F4E11ABD2CC4541B00FE6F2F /* Debug */ = {
			isa = XCBuildConfiguration;
			buildSettings = {
				ALWAYS_SEARCH_USER_PATHS = NO;
				CLANG_ANALYZER_NONNULL = YES;
				CLANG_ANALYZER_NUMBER_OBJECT_CONVERSION = YES_AGGRESSIVE;
				CLANG_CXX_LANGUAGE_STANDARD = "gnu++20";
				CLANG_ENABLE_MODULES = YES;
				CLANG_ENABLE_OBJC_ARC = YES;
				CLANG_ENABLE_OBJC_WEAK = YES;
				CLANG_WARN_BLOCK_CAPTURE_AUTORELEASING = YES;
				CLANG_WARN_BOOL_CONVERSION = YES;
				CLANG_WARN_COMMA = YES;
				CLANG_WARN_CONSTANT_CONVERSION = YES;
				CLANG_WARN_DEPRECATED_OBJC_IMPLEMENTATIONS = YES;
				CLANG_WARN_DIRECT_OBJC_ISA_USAGE = YES_ERROR;
				CLANG_WARN_DOCUMENTATION_COMMENTS = YES;
				CLANG_WARN_EMPTY_BODY = YES;
				CLANG_WARN_ENUM_CONVERSION = YES;
				CLANG_WARN_INFINITE_RECURSION = YES;
				CLANG_WARN_INT_CONVERSION = YES;
				CLANG_WARN_NON_LITERAL_NULL_CONVERSION = YES;
				CLANG_WARN_OBJC_IMPLICIT_RETAIN_SELF = YES;
				CLANG_WARN_OBJC_LITERAL_CONVERSION = YES;
				CLANG_WARN_OBJC_ROOT_CLASS = YES_ERROR;
				CLANG_WARN_QUOTED_INCLUDE_IN_FRAMEWORK_HEADER = YES;
				CLANG_WARN_RANGE_LOOP_ANALYSIS = YES;
				CLANG_WARN_STRICT_PROTOTYPES = YES;
				CLANG_WARN_SUSPICIOUS_MOVE = YES;
				CLANG_WARN_UNGUARDED_AVAILABILITY = YES_AGGRESSIVE;
				CLANG_WARN_UNREACHABLE_CODE = YES;
				CLANG_WARN__DUPLICATE_METHOD_MATCH = YES;
				COPY_PHASE_STRIP = NO;
				DEBUG_INFORMATION_FORMAT = dwarf;
				ENABLE_STRICT_OBJC_MSGSEND = YES;
				ENABLE_TESTABILITY = YES;
				GCC_C_LANGUAGE_STANDARD = gnu11;
				GCC_DYNAMIC_NO_PIC = NO;
				GCC_NO_COMMON_BLOCKS = YES;
				GCC_OPTIMIZATION_LEVEL = 0;
				GCC_PREPROCESSOR_DEFINITIONS = (
					"DEBUG=1",
					"$(inherited)",
				);
				GCC_WARN_64_TO_32_BIT_CONVERSION = YES;
				GCC_WARN_ABOUT_RETURN_TYPE = YES_ERROR;
				GCC_WARN_UNDECLARED_SELECTOR = YES;
				GCC_WARN_UNINITIALIZED_AUTOS = YES_AGGRESSIVE;
				GCC_WARN_UNUSED_FUNCTION = YES;
				GCC_WARN_UNUSED_VARIABLE = YES;
				IPHONEOS_DEPLOYMENT_TARGET = 16.2;
				MTL_ENABLE_DEBUG_INFO = INCLUDE_SOURCE;
				MTL_FAST_MATH = YES;
				ONLY_ACTIVE_ARCH = YES;
				SDKROOT = iphoneos;
				SWIFT_ACTIVE_COMPILATION_CONDITIONS = DEBUG;
				SWIFT_OPTIMIZATION_LEVEL = "-Onone";
			};
			name = Debug;
		};
		F4E11ABE2CC4541B00FE6F2F /* Release */ = {
			isa = XCBuildConfiguration;
			buildSettings = {
				ALWAYS_SEARCH_USER_PATHS = NO;
				CLANG_ANALYZER_NONNULL = YES;
				CLANG_ANALYZER_NUMBER_OBJECT_CONVERSION = YES_AGGRESSIVE;
				CLANG_CXX_LANGUAGE_STANDARD = "gnu++20";
				CLANG_ENABLE_MODULES = YES;
				CLANG_ENABLE_OBJC_ARC = YES;
				CLANG_ENABLE_OBJC_WEAK = YES;
				CLANG_WARN_BLOCK_CAPTURE_AUTORELEASING = YES;
				CLANG_WARN_BOOL_CONVERSION = YES;
				CLANG_WARN_COMMA = YES;
				CLANG_WARN_CONSTANT_CONVERSION = YES;
				CLANG_WARN_DEPRECATED_OBJC_IMPLEMENTATIONS = YES;
				CLANG_WARN_DIRECT_OBJC_ISA_USAGE = YES_ERROR;
				CLANG_WARN_DOCUMENTATION_COMMENTS = YES;
				CLANG_WARN_EMPTY_BODY = YES;
				CLANG_WARN_ENUM_CONVERSION = YES;
				CLANG_WARN_INFINITE_RECURSION = YES;
				CLANG_WARN_INT_CONVERSION = YES;
				CLANG_WARN_NON_LITERAL_NULL_CONVERSION = YES;
				CLANG_WARN_OBJC_IMPLICIT_RETAIN_SELF = YES;
				CLANG_WARN_OBJC_LITERAL_CONVERSION = YES;
				CLANG_WARN_OBJC_ROOT_CLASS = YES_ERROR;
				CLANG_WARN_QUOTED_INCLUDE_IN_FRAMEWORK_HEADER = YES;
				CLANG_WARN_RANGE_LOOP_ANALYSIS = YES;
				CLANG_WARN_STRICT_PROTOTYPES = YES;
				CLANG_WARN_SUSPICIOUS_MOVE = YES;
				CLANG_WARN_UNGUARDED_AVAILABILITY = YES_AGGRESSIVE;
				CLANG_WARN_UNREACHABLE_CODE = YES;
				CLANG_WARN__DUPLICATE_METHOD_MATCH = YES;
				COPY_PHASE_STRIP = NO;
				DEBUG_INFORMATION_FORMAT = "dwarf-with-dsym";
				ENABLE_NS_ASSERTIONS = NO;
				ENABLE_STRICT_OBJC_MSGSEND = YES;
				GCC_C_LANGUAGE_STANDARD = gnu11;
				GCC_NO_COMMON_BLOCKS = YES;
				GCC_WARN_64_TO_32_BIT_CONVERSION = YES;
				GCC_WARN_ABOUT_RETURN_TYPE = YES_ERROR;
				GCC_WARN_UNDECLARED_SELECTOR = YES;
				GCC_WARN_UNINITIALIZED_AUTOS = YES_AGGRESSIVE;
				GCC_WARN_UNUSED_FUNCTION = YES;
				GCC_WARN_UNUSED_VARIABLE = YES;
				IPHONEOS_DEPLOYMENT_TARGET = 16.2;
				MTL_ENABLE_DEBUG_INFO = NO;
				MTL_FAST_MATH = YES;
				SDKROOT = iphoneos;
				SWIFT_COMPILATION_MODE = wholemodule;
				SWIFT_OPTIMIZATION_LEVEL = "-O";
				VALIDATE_PRODUCT = YES;
			};
			name = Release;
		};
		F4E11AC02CC4541B00FE6F2F /* Debug */ = {
			isa = XCBuildConfiguration;
			baseConfigurationReference = 59E8701544E6E50C157B0E12 /* Pods-Food Menu.debug.xcconfig */;
			buildSettings = {
				ASSETCATALOG_COMPILER_APPICON_NAME = AppIcon;
				ASSETCATALOG_COMPILER_GLOBAL_ACCENT_COLOR_NAME = AccentColor;
				CODE_SIGN_STYLE = Automatic;
				CURRENT_PROJECT_VERSION = 1;
				DEVELOPMENT_TEAM = 3K677TQ5Z9;
				GENERATE_INFOPLIST_FILE = YES;
				INFOPLIST_FILE = "Food Menu/Info.plist";
				INFOPLIST_KEY_UIApplicationSupportsIndirectInputEvents = YES;
				INFOPLIST_KEY_UILaunchStoryboardName = LaunchScreen;
				INFOPLIST_KEY_UIMainStoryboardFile = Main;
				INFOPLIST_KEY_UISupportedInterfaceOrientations_iPad = "UIInterfaceOrientationPortrait UIInterfaceOrientationPortraitUpsideDown UIInterfaceOrientationLandscapeLeft UIInterfaceOrientationLandscapeRight";
				INFOPLIST_KEY_UISupportedInterfaceOrientations_iPhone = "UIInterfaceOrientationPortrait UIInterfaceOrientationLandscapeLeft UIInterfaceOrientationLandscapeRight";
				LD_RUNPATH_SEARCH_PATHS = (
					"$(inherited)",
					"@executable_path/Frameworks",
				);
				MARKETING_VERSION = 1.0;
				PRODUCT_BUNDLE_IDENTIFIER = "Marwan.cam.Food-Menu";
				PRODUCT_NAME = "$(TARGET_NAME)";
				SWIFT_EMIT_LOC_STRINGS = YES;
				SWIFT_VERSION = 5.0;
				TARGETED_DEVICE_FAMILY = "1,2";
			};
			name = Debug;
		};
		F4E11AC12CC4541B00FE6F2F /* Release */ = {
			isa = XCBuildConfiguration;
			baseConfigurationReference = 50DB56CB304687F123F0F1A8 /* Pods-Food Menu.release.xcconfig */;
			buildSettings = {
				ASSETCATALOG_COMPILER_APPICON_NAME = AppIcon;
				ASSETCATALOG_COMPILER_GLOBAL_ACCENT_COLOR_NAME = AccentColor;
				CODE_SIGN_STYLE = Automatic;
				CURRENT_PROJECT_VERSION = 1;
				DEVELOPMENT_TEAM = 3K677TQ5Z9;
				GENERATE_INFOPLIST_FILE = YES;
				INFOPLIST_FILE = "Food Menu/Info.plist";
				INFOPLIST_KEY_UIApplicationSupportsIndirectInputEvents = YES;
				INFOPLIST_KEY_UILaunchStoryboardName = LaunchScreen;
				INFOPLIST_KEY_UIMainStoryboardFile = Main;
				INFOPLIST_KEY_UISupportedInterfaceOrientations_iPad = "UIInterfaceOrientationPortrait UIInterfaceOrientationPortraitUpsideDown UIInterfaceOrientationLandscapeLeft UIInterfaceOrientationLandscapeRight";
				INFOPLIST_KEY_UISupportedInterfaceOrientations_iPhone = "UIInterfaceOrientationPortrait UIInterfaceOrientationLandscapeLeft UIInterfaceOrientationLandscapeRight";
				LD_RUNPATH_SEARCH_PATHS = (
					"$(inherited)",
					"@executable_path/Frameworks",
				);
				MARKETING_VERSION = 1.0;
				PRODUCT_BUNDLE_IDENTIFIER = "Marwan.cam.Food-Menu";
				PRODUCT_NAME = "$(TARGET_NAME)";
				SWIFT_EMIT_LOC_STRINGS = YES;
				SWIFT_VERSION = 5.0;
				TARGETED_DEVICE_FAMILY = "1,2";
			};
			name = Release;
		};
/* End XCBuildConfiguration section */

/* Begin XCConfigurationList section */
		F4E11AA62CC4541800FE6F2F /* Build configuration list for PBXProject "Food Menu" */ = {
			isa = XCConfigurationList;
			buildConfigurations = (
				F4E11ABD2CC4541B00FE6F2F /* Debug */,
				F4E11ABE2CC4541B00FE6F2F /* Release */,
			);
			defaultConfigurationIsVisible = 0;
			defaultConfigurationName = Release;
		};
		F4E11ABF2CC4541B00FE6F2F /* Build configuration list for PBXNativeTarget "Food Menu" */ = {
			isa = XCConfigurationList;
			buildConfigurations = (
				F4E11AC02CC4541B00FE6F2F /* Debug */,
				F4E11AC12CC4541B00FE6F2F /* Release */,
			);
			defaultConfigurationIsVisible = 0;
			defaultConfigurationName = Release;
		};
/* End XCConfigurationList section */
	};
	rootObject = F4E11AA32CC4541800FE6F2F /* Project object */;
}
